
Microsoft Visual Studio Solution File, Format Version 12.00
# Visual Studio Version 16
VisualStudioVersion = 16.0.30225.117
MinimumVisualStudioVersion = 10.0.40219.1
Project("{2150E333-8FDC-42A3-9474-1A3956D46DE8}") = "src", "src", "{0BAD4C48-A34A-4659-9685-6E8D80C185AA}"
EndProject
Project("{9A19103F-16F7-4668-BE54-9A1E7A4F7556}") = "EmployeePortalUI", "src\EmployeePortalUI\EmployeePortalUI.csproj", "{E58E8413-1E09-40F3-89D2-9601DB4CF1F6}"
EndProject
Project("{9A19103F-16F7-4668-BE54-9A1E7A4F7556}") = "EmployeePortal.Core", "src\EmployeePortal.Core\EmployeePortal.Core.csproj", "{CEE71EC0-B975-49A9-B0CE-FF49033019EB}"
EndProject
Project("{9A19103F-16F7-4668-BE54-9A1E7A4F7556}") = "EmployeePortal.Data", "src\EmployeePortal.Data\EmployeePortal.Data.csproj", "{0C2A3043-2EA0-48A5-9CFF-524B54C230E0}"
EndProject
Project("{9A19103F-16F7-4668-BE54-9A1E7A4F7556}") = "XUnitTestData", "XUnitTestData\XUnitTestData.csproj", "{3D68536E-961A-4A3C-9FF3-F38E6A9D9DD7}"
EndProject
Project("{9A19103F-16F7-4668-BE54-9A1E7A4F7556}") = "EmployeePortal.Services", "src\EmployeePortal.Services\EmployeePortal.Services.csproj", "{4A27A3D0-6B30-41FD-88E6-E3EF648DA6D5}"
EndProject
Global
	GlobalSection(SolutionConfigurationPlatforms) = preSolution
		Debug|Any CPU = Debug|Any CPU
		Release|Any CPU = Release|Any CPU
	EndGlobalSection
	GlobalSection(ProjectConfigurationPlatforms) = postSolution
		{E58E8413-1E09-40F3-89D2-9601DB4CF1F6}.Debug|Any CPU.ActiveCfg = Debug|Any CPU
		{E58E8413-1E09-40F3-89D2-9601DB4CF1F6}.Debug|Any CPU.Build.0 = Debug|Any CPU
		{E58E8413-1E09-40F3-89D2-9601DB4CF1F6}.Release|Any CPU.ActiveCfg = Release|Any CPU
		{E58E8413-1E09-40F3-89D2-9601DB4CF1F6}.Release|Any CPU.Build.0 = Release|Any CPU
		{CEE71EC0-B975-49A9-B0CE-FF49033019EB}.Debug|Any CPU.ActiveCfg = Debug|Any CPU
		{CEE71EC0-B975-49A9-B0CE-FF49033019EB}.Debug|Any CPU.Build.0 = Debug|Any CPU
		{CEE71EC0-B975-49A9-B0CE-FF49033019EB}.Release|Any CPU.ActiveCfg = Release|Any CPU
		{CEE71EC0-B975-49A9-B0CE-FF49033019EB}.Release|Any CPU.Build.0 = Release|Any CPU
		{0C2A3043-2EA0-48A5-9CFF-524B54C230E0}.Debug|Any CPU.ActiveCfg = Debug|Any CPU
		{0C2A3043-2EA0-48A5-9CFF-524B54C230E0}.Debug|Any CPU.Build.0 = Debug|Any CPU
		{0C2A3043-2EA0-48A5-9CFF-524B54C230E0}.Release|Any CPU.ActiveCfg = Release|Any CPU
		{0C2A3043-2EA0-48A5-9CFF-524B54C230E0}.Release|Any CPU.Build.0 = Release|Any CPU
		{3D68536E-961A-4A3C-9FF3-F38E6A9D9DD7}.Debug|Any CPU.ActiveCfg = Debug|Any CPU
		{3D68536E-961A-4A3C-9FF3-F38E6A9D9DD7}.Debug|Any CPU.Build.0 = Debug|Any CPU
		{3D68536E-961A-4A3C-9FF3-F38E6A9D9DD7}.Release|Any CPU.ActiveCfg = Release|Any CPU
		{3D68536E-961A-4A3C-9FF3-F38E6A9D9DD7}.Release|Any CPU.Build.0 = Release|Any CPU
		{4A27A3D0-6B30-41FD-88E6-E3EF648DA6D5}.Debug|Any CPU.ActiveCfg = Debug|Any CPU
		{4A27A3D0-6B30-41FD-88E6-E3EF648DA6D5}.Debug|Any CPU.Build.0 = Debug|Any CPU
		{4A27A3D0-6B30-41FD-88E6-E3EF648DA6D5}.Release|Any CPU.ActiveCfg = Release|Any CPU
		{4A27A3D0-6B30-41FD-88E6-E3EF648DA6D5}.Release|Any CPU.Build.0 = Release|Any CPU
	EndGlobalSection
	GlobalSection(SolutionProperties) = preSolution
		HideSolutionNode = FALSE
	EndGlobalSection
	GlobalSection(NestedProjects) = preSolution
		{E58E8413-1E09-40F3-89D2-9601DB4CF1F6} = {0BAD4C48-A34A-4659-9685-6E8D80C185AA}
		{CEE71EC0-B975-49A9-B0CE-FF49033019EB} = {0BAD4C48-A34A-4659-9685-6E8D80C185AA}
		{0C2A3043-2EA0-48A5-9CFF-524B54C230E0} = {0BAD4C48-A34A-4659-9685-6E8D80C185AA}
		{3D68536E-961A-4A3C-9FF3-F38E6A9D9DD7} = {0BAD4C48-A34A-4659-9685-6E8D80C185AA}
		{4A27A3D0-6B30-41FD-88E6-E3EF648DA6D5} = {0BAD4C48-A34A-4659-9685-6E8D80C185AA}
	EndGlobalSection
	GlobalSection(ExtensibilityGlobals) = postSolution
		SolutionGuid = {D13846C5-A203-4BBB-860F-31C4539EBCEB}
	EndGlobalSection
EndGlobal
